
Microsoft Visual Studio Solution File, Format Version 12.00
Project("{FAE04EC0-301F-11D3-BF4B-00C04F79EFBC}") = "MySummerCarTweaks", "MySummerCarTweaks\MySummerCarTweaks.csproj", "{868E4FCE-4043-4C0B-B7EC-7B63237F39C5}"
EndProject
Global
	GlobalSection(SolutionConfigurationPlatforms) = preSolution
		Debug|Any CPU = Debug|Any CPU
		Release|Any CPU = Release|Any CPU
	EndGlobalSection
	GlobalSection(ProjectConfigurationPlatforms) = postSolution
		{868E4FCE-4043-4C0B-B7EC-7B63237F39C5}.Debug|Any CPU.ActiveCfg = Debug|Any CPU
		{868E4FCE-4043-4C0B-B7EC-7B63237F39C5}.Debug|Any CPU.Build.0 = Debug|Any CPU
		{868E4FCE-4043-4C0B-B7EC-7B63237F39C5}.Release|Any CPU.ActiveCfg = Release|Any CPU
		{868E4FCE-4043-4C0B-B7EC-7B63237F39C5}.Release|Any CPU.Build.0 = Release|Any CPU
	EndGlobalSection
EndGlobal
